{
  "name": "homebridge-philips-dline-sicp",
  "version": "0.1.8",
  "lockfileVersion": 3,
  "requires": true,
  "packages": {
    "": {
      "name": "homebridge-philips-dline-sicp",
      "version": "0.1.7",
      "license": "MIT",
      "devDependencies": {},
      "engines": {
        "homebridge": ">=1.6.0",
        "node": ">=18.0.0"
      }
    }
  }
}